// !$*UTF8*$!
{
	archiveVersion = 1;
	classes = {
	};
	objectVersion = 56;
	objects = {

/* Begin PBXBuildFile section */
		9FC65E1D2A5CD219007D161A /* yvesApp.swift in Sources */ = {isa = PBXBuildFile; fileRef = 9FC65E1C2A5CD219007D161A /* yvesApp.swift */; };
		9FC65E1F2A5CD219007D161A /* ContentView.swift in Sources */ = {isa = PBXBuildFile; fileRef = 9FC65E1E2A5CD219007D161A /* ContentView.swift */; };
		9FC65E212A5CD21A007D161A /* Assets.xcassets in Resources */ = {isa = PBXBuildFile; fileRef = 9FC65E202A5CD21A007D161A /* Assets.xcassets */; };
		9FC65E242A5CD21A007D161A /* Preview Assets.xcassets in Resources */ = {isa = PBXBuildFile; fileRef = 9FC65E232A5CD21A007D161A /* Preview Assets.xcassets */; };
		9FC65E2E2A5CD21A007D161A /* yvesTests.swift in Sources */ = {isa = PBXBuildFile; fileRef = 9FC65E2D2A5CD21A007D161A /* yvesTests.swift */; };
		9FC65E382A5CD21A007D161A /* yvesUITests.swift in Sources */ = {isa = PBXBuildFile; fileRef = 9FC65E372A5CD21A007D161A /* yvesUITests.swift */; };
		9FC65E3A2A5CD21A007D161A /* yvesUITestsLaunchTests.swift in Sources */ = {isa = PBXBuildFile; fileRef = 9FC65E392A5CD21A007D161A /* yvesUITestsLaunchTests.swift */; };
		9FC65E4B2A5CD548007D161A /* Entity.swift in Sources */ = {isa = PBXBuildFile; fileRef = 9FC65E4A2A5CD548007D161A /* Entity.swift */; };
/* End PBXBuildFile section */

/* Begin PBXContainerItemProxy section */
		9FC65E2A2A5CD21A007D161A /* PBXContainerItemProxy */ = {
			isa = PBXContainerItemProxy;
			containerPortal = 9FC65E112A5CD219007D161A /* Project object */;
			proxyType = 1;
			remoteGlobalIDString = 9FC65E182A5CD219007D161A;
			remoteInfo = yves;
		};
		9FC65E342A5CD21A007D161A /* PBXContainerItemProxy */ = {
			isa = PBXContainerItemProxy;
			containerPortal = 9FC65E112A5CD219007D161A /* Project object */;
			proxyType = 1;
			remoteGlobalIDString = 9FC65E182A5CD219007D161A;
			remoteInfo = yves;
		};
/* End PBXContainerItemProxy section */

/* Begin PBXFileReference section */
		9FC65E192A5CD219007D161A /* yves.app */ = {isa = PBXFileReference; explicitFileType = wrapper.application; includeInIndex = 0; path = yves.app; sourceTree = BUILT_PRODUCTS_DIR; };
		9FC65E1C2A5CD219007D161A /* yvesApp.swift */ = {isa = PBXFileReference; lastKnownFileType = sourcecode.swift; path = yvesApp.swift; sourceTree = "<group>"; };
		9FC65E1E2A5CD219007D161A /* ContentView.swift */ = {isa = PBXFileReference; lastKnownFileType = sourcecode.swift; path = ContentView.swift; sourceTree = "<group>"; };
		9FC65E202A5CD21A007D161A /* Assets.xcassets */ = {isa = PBXFileReference; lastKnownFileType = folder.assetcatalog; path = Assets.xcassets; sourceTree = "<group>"; };
		9FC65E232A5CD21A007D161A /* Preview Assets.xcassets */ = {isa = PBXFileReference; lastKnownFileType = folder.assetcatalog; path = "Preview Assets.xcassets"; sourceTree = "<group>"; };
		9FC65E292A5CD21A007D161A /* yvesTests.xctest */ = {isa = PBXFileReference; explicitFileType = wrapper.cfbundle; includeInIndex = 0; path = yvesTests.xctest; sourceTree = BUILT_PRODUCTS_DIR; };
		9FC65E2D2A5CD21A007D161A /* yvesTests.swift */ = {isa = PBXFileReference; lastKnownFileType = sourcecode.swift; path = yvesTests.swift; sourceTree = "<group>"; };
		9FC65E332A5CD21A007D161A /* yvesUITests.xctest */ = {isa = PBXFileReference; explicitFileType = wrapper.cfbundle; includeInIndex = 0; path = yvesUITests.xctest; sourceTree = BUILT_PRODUCTS_DIR; };
		9FC65E372A5CD21A007D161A /* yvesUITests.swift */ = {isa = PBXFileReference; lastKnownFileType = sourcecode.swift; path = yvesUITests.swift; sourceTree = "<group>"; };
		9FC65E392A5CD21A007D161A /* yvesUITestsLaunchTests.swift */ = {isa = PBXFileReference; lastKnownFileType = sourcecode.swift; path = yvesUITestsLaunchTests.swift; sourceTree = "<group>"; };
		9FC65E4A2A5CD548007D161A /* Entity.swift */ = {isa = PBXFileReference; lastKnownFileType = sourcecode.swift; path = Entity.swift; sourceTree = "<group>"; };
/* End PBXFileReference section */

/* Begin PBXFrameworksBuildPhase section */
		9FC65E162A5CD219007D161A /* Frameworks */ = {
			isa = PBXFrameworksBuildPhase;
			buildActionMask = 2147483647;
			files = (
			);
			runOnlyForDeploymentPostprocessing = 0;
		};
		9FC65E262A5CD21A007D161A /* Frameworks */ = {
			isa = PBXFrameworksBuildPhase;
			buildActionMask = 2147483647;
			files = (
			);
			runOnlyForDeploymentPostprocessing = 0;
		};
		9FC65E302A5CD21A007D161A /* Frameworks */ = {
			isa = PBXFrameworksBuildPhase;
			buildActionMask = 2147483647;
			files = (
			);
			runOnlyForDeploymentPostprocessing = 0;
		};
/* End PBXFrameworksBuildPhase section */

/* Begin PBXGroup section */
		9FC65E102A5CD219007D161A = {
			isa = PBXGroup;
			children = (
				9FC65E1B2A5CD219007D161A /* yves */,
				9FC65E2C2A5CD21A007D161A /* yvesTests */,
				9FC65E362A5CD21A007D161A /* yvesUITests */,
				9FC65E1A2A5CD219007D161A /* Products */,
			);
			sourceTree = "<group>";
		};
		9FC65E1A2A5CD219007D161A /* Products */ = {
			isa = PBXGroup;
			children = (
				9FC65E192A5CD219007D161A /* yves.app */,
				9FC65E292A5CD21A007D161A /* yvesTests.xctest */,
				9FC65E332A5CD21A007D161A /* yvesUITests.xctest */,
			);
			name = Products;
			sourceTree = "<group>";
		};
		9FC65E1B2A5CD219007D161A /* yves */ = {
			isa = PBXGroup;
			children = (
				9FC65E462A5CD401007D161A /* Struct */,
				9FC65E1C2A5CD219007D161A /* yvesApp.swift */,
				9FC65E1E2A5CD219007D161A /* ContentView.swift */,
				9FC65E202A5CD21A007D161A /* Assets.xcassets */,
				9FC65E222A5CD21A007D161A /* Preview Content */,
			);
			path = yves;
			sourceTree = "<group>";
		};
		9FC65E222A5CD21A007D161A /* Preview Content */ = {
			isa = PBXGroup;
			children = (
				9FC65E232A5CD21A007D161A /* Preview Assets.xcassets */,
			);
			path = "Preview Content";
			sourceTree = "<group>";
		};
		9FC65E2C2A5CD21A007D161A /* yvesTests */ = {
			isa = PBXGroup;
			children = (
				9FC65E2D2A5CD21A007D161A /* yvesTests.swift */,
			);
			path = yvesTests;
			sourceTree = "<group>";
		};
		9FC65E362A5CD21A007D161A /* yvesUITests */ = {
			isa = PBXGroup;
			children = (
				9FC65E372A5CD21A007D161A /* yvesUITests.swift */,
				9FC65E392A5CD21A007D161A /* yvesUITestsLaunchTests.swift */,
			);
			path = yvesUITests;
			sourceTree = "<group>";
		};
		9FC65E462A5CD401007D161A /* Struct */ = {
			isa = PBXGroup;
			children = (
				9FC65E4A2A5CD548007D161A /* Entity.swift */,
			);
			path = Struct;
			sourceTree = "<group>";
		};
/* End PBXGroup section */

/* Begin PBXNativeTarget section */
		9FC65E182A5CD219007D161A /* yves */ = {
			isa = PBXNativeTarget;
			buildConfigurationList = 9FC65E3D2A5CD21A007D161A /* Build configuration list for PBXNativeTarget "yves" */;
			buildPhases = (
				9FC65E152A5CD219007D161A /* Sources */,
				9FC65E162A5CD219007D161A /* Frameworks */,
				9FC65E172A5CD219007D161A /* Resources */,
			);
			buildRules = (
			);
			dependencies = (
			);
			name = yves;
			productName = yves;
			productReference = 9FC65E192A5CD219007D161A /* yves.app */;
			productType = "com.apple.product-type.application";
		};
		9FC65E282A5CD21A007D161A /* yvesTests */ = {
			isa = PBXNativeTarget;
			buildConfigurationList = 9FC65E402A5CD21A007D161A /* Build configuration list for PBXNativeTarget "yvesTests" */;
			buildPhases = (
				9FC65E252A5CD21A007D161A /* Sources */,
				9FC65E262A5CD21A007D161A /* Frameworks */,
				9FC65E272A5CD21A007D161A /* Resources */,
			);
			buildRules = (
			);
			dependencies = (
				9FC65E2B2A5CD21A007D161A /* PBXTargetDependency */,
			);
			name = yvesTests;
			productName = yvesTests;
			productReference = 9FC65E292A5CD21A007D161A /* yvesTests.xctest */;
			productType = "com.apple.product-type.bundle.unit-test";
		};
		9FC65E322A5CD21A007D161A /* yvesUITests */ = {
			isa = PBXNativeTarget;
			buildConfigurationList = 9FC65E432A5CD21A007D161A /* Build configuration list for PBXNativeTarget "yvesUITests" */;
			buildPhases = (
				9FC65E2F2A5CD21A007D161A /* Sources */,
				9FC65E302A5CD21A007D161A /* Frameworks */,
				9FC65E312A5CD21A007D161A /* Resources */,
			);
			buildRules = (
			);
			dependencies = (
				9FC65E352A5CD21A007D161A /* PBXTargetDependency */,
			);
			name = yvesUITests;
			productName = yvesUITests;
			productReference = 9FC65E332A5CD21A007D161A /* yvesUITests.xctest */;
			productType = "com.apple.product-type.bundle.ui-testing";
		};
/* End PBXNativeTarget section */

/* Begin PBXProject section */
		9FC65E112A5CD219007D161A /* Project object */ = {
			isa = PBXProject;
			attributes = {
				BuildIndependentTargetsInParallel = 1;
				LastSwiftUpdateCheck = 1430;
				LastUpgradeCheck = 1430;
				TargetAttributes = {
					9FC65E182A5CD219007D161A = {
						CreatedOnToolsVersion = 14.3.1;
					};
					9FC65E282A5CD21A007D161A = {
						CreatedOnToolsVersion = 14.3.1;
						TestTargetID = 9FC65E182A5CD219007D161A;
					};
					9FC65E322A5CD21A007D161A = {
						CreatedOnToolsVersion = 14.3.1;
						TestTargetID = 9FC65E182A5CD219007D161A;
					};
				};
			};
			buildConfigurationList = 9FC65E142A5CD219007D161A /* Build configuration list for PBXProject "yves" */;
			compatibilityVersion = "Xcode 14.0";
			developmentRegion = en;
			hasScannedForEncodings = 0;
			knownRegions = (
				en,
				Base,
			);
			mainGroup = 9FC65E102A5CD219007D161A;
			productRefGroup = 9FC65E1A2A5CD219007D161A /* Products */;
			projectDirPath = "";
			projectRoot = "";
			targets = (
				9FC65E182A5CD219007D161A /* yves */,
				9FC65E282A5CD21A007D161A /* yvesTests */,
				9FC65E322A5CD21A007D161A /* yvesUITests */,
			);
		};
/* End PBXProject section */

/* Begin PBXResourcesBuildPhase section */
		9FC65E172A5CD219007D161A /* Resources */ = {
			isa = PBXResourcesBuildPhase;
			buildActionMask = 2147483647;
			files = (
				9FC65E242A5CD21A007D161A /* Preview Assets.xcassets in Resources */,
				9FC65E212A5CD21A007D161A /* Assets.xcassets in Resources */,
			);
			runOnlyForDeploymentPostprocessing = 0;
		};
		9FC65E272A5CD21A007D161A /* Resources */ = {
			isa = PBXResourcesBuildPhase;
			buildActionMask = 2147483647;
			files = (
			);
			runOnlyForDeploymentPostprocessing = 0;
		};
		9FC65E312A5CD21A007D161A /* Resources */ = {
			isa = PBXResourcesBuildPhase;
			buildActionMask = 2147483647;
			files = (
			);
			runOnlyForDeploymentPostprocessing = 0;
		};
/* End PBXResourcesBuildPhase section */

/* Begin PBXSourcesBuildPhase section */
		9FC65E152A5CD219007D161A /* Sources */ = {
			isa = PBXSourcesBuildPhase;
			buildActionMask = 2147483647;
			files = (
				9FC65E1F2A5CD219007D161A /* ContentView.swift in Sources */,
				9FC65E4B2A5CD548007D161A /* Entity.swift in Sources */,
				9FC65E1D2A5CD219007D161A /* yvesApp.swift in Sources */,
			);
			runOnlyForDeploymentPostprocessing = 0;
		};
		9FC65E252A5CD21A007D161A /* Sources */ = {
			isa = PBXSourcesBuildPhase;
			buildActionMask = 2147483647;
			files = (
				9FC65E2E2A5CD21A007D161A /* yvesTests.swift in Sources */,
			);
			runOnlyForDeploymentPostprocessing = 0;
		};
		9FC65E2F2A5CD21A007D161A /* Sources */ = {
			isa = PBXSourcesBuildPhase;
			buildActionMask = 2147483647;
			files = (
				9FC65E382A5CD21A007D161A /* yvesUITests.swift in Sources */,
				9FC65E3A2A5CD21A007D161A /* yvesUITestsLaunchTests.swift in Sources */,
			);
			runOnlyForDeploymentPostprocessing = 0;
		};
/* End PBXSourcesBuildPhase section */

/* Begin PBXTargetDependency section */
		9FC65E2B2A5CD21A007D161A /* PBXTargetDependency */ = {
			isa = PBXTargetDependency;
			target = 9FC65E182A5CD219007D161A /* yves */;
			targetProxy = 9FC65E2A2A5CD21A007D161A /* PBXContainerItemProxy */;
		};
		9FC65E352A5CD21A007D161A /* PBXTargetDependency */ = {
			isa = PBXTargetDependency;
			target = 9FC65E182A5CD219007D161A /* yves */;
			targetProxy = 9FC65E342A5CD21A007D161A /* PBXContainerItemProxy */;
		};
/* End PBXTargetDependency section */

/* Begin XCBuildConfiguration section */
		9FC65E3B2A5CD21A007D161A /* Debug */ = {
			isa = XCBuildConfiguration;
			buildSettings = {
				ALWAYS_SEARCH_USER_PATHS = NO;
				CLANG_ANALYZER_NONNULL = YES;
				CLANG_ANALYZER_NUMBER_OBJECT_CONVERSION = YES_AGGRESSIVE;
				CLANG_CXX_LANGUAGE_STANDARD = "gnu++20";
				CLANG_ENABLE_MODULES = YES;
				CLANG_ENABLE_OBJC_ARC = YES;
				CLANG_ENABLE_OBJC_WEAK = YES;
				CLANG_WARN_BLOCK_CAPTURE_AUTORELEASING = YES;
				CLANG_WARN_BOOL_CONVERSION = YES;
				CLANG_WARN_COMMA = YES;
				CLANG_WARN_CONSTANT_CONVERSION = YES;
				CLANG_WARN_DEPRECATED_OBJC_IMPLEMENTATIONS = YES;
				CLANG_WARN_DIRECT_OBJC_ISA_USAGE = YES_ERROR;
				CLANG_WARN_DOCUMENTATION_COMMENTS = YES;
				CLANG_WARN_EMPTY_BODY = YES;
				CLANG_WARN_ENUM_CONVERSION = YES;
				CLANG_WARN_INFINITE_RECURSION = YES;
				CLANG_WARN_INT_CONVERSION = YES;
				CLANG_WARN_NON_LITERAL_NULL_CONVERSION = YES;
				CLANG_WARN_OBJC_IMPLICIT_RETAIN_SELF = YES;
				CLANG_WARN_OBJC_LITERAL_CONVERSION = YES;
				CLANG_WARN_OBJC_ROOT_CLASS = YES_ERROR;
				CLANG_WARN_QUOTED_INCLUDE_IN_FRAMEWORK_HEADER = YES;
				CLANG_WARN_RANGE_LOOP_ANALYSIS = YES;
				CLANG_WARN_STRICT_PROTOTYPES = YES;
				CLANG_WARN_SUSPICIOUS_MOVE = YES;
				CLANG_WARN_UNGUARDED_AVAILABILITY = YES_AGGRESSIVE;
				CLANG_WARN_UNREACHABLE_CODE = YES;
				CLANG_WARN__DUPLICATE_METHOD_MATCH = YES;
				COPY_PHASE_STRIP = NO;
				DEBUG_INFORMATION_FORMAT = dwarf;
				ENABLE_STRICT_OBJC_MSGSEND = YES;
				ENABLE_TESTABILITY = YES;
				GCC_C_LANGUAGE_STANDARD = gnu11;
				GCC_DYNAMIC_NO_PIC = NO;
				GCC_NO_COMMON_BLOCKS = YES;
				GCC_OPTIMIZATION_LEVEL = 0;
				GCC_PREPROCESSOR_DEFINITIONS = (
					"DEBUG=1",
					"$(inherited)",
				);
				GCC_WARN_64_TO_32_BIT_CONVERSION = YES;
				GCC_WARN_ABOUT_RETURN_TYPE = YES_ERROR;
				GCC_WARN_UNDECLARED_SELECTOR = YES;
				GCC_WARN_UNINITIALIZED_AUTOS = YES_AGGRESSIVE;
				GCC_WARN_UNUSED_FUNCTION = YES;
				GCC_WARN_UNUSED_VARIABLE = YES;
				IPHONEOS_DEPLOYMENT_TARGET = 16.4;
				MTL_ENABLE_DEBUG_INFO = INCLUDE_SOURCE;
				MTL_FAST_MATH = YES;
				ONLY_ACTIVE_ARCH = YES;
				SDKROOT = iphoneos;
				SWIFT_ACTIVE_COMPILATION_CONDITIONS = DEBUG;
				SWIFT_OPTIMIZATION_LEVEL = "-Onone";
			};
			name = Debug;
		};
		9FC65E3C2A5CD21A007D161A /* Release */ = {
			isa = XCBuildConfiguration;
			buildSettings = {
				ALWAYS_SEARCH_USER_PATHS = NO;
				CLANG_ANALYZER_NONNULL = YES;
				CLANG_ANALYZER_NUMBER_OBJECT_CONVERSION = YES_AGGRESSIVE;
				CLANG_CXX_LANGUAGE_STANDARD = "gnu++20";
				CLANG_ENABLE_MODULES = YES;
				CLANG_ENABLE_OBJC_ARC = YES;
				CLANG_ENABLE_OBJC_WEAK = YES;
				CLANG_WARN_BLOCK_CAPTURE_AUTORELEASING = YES;
				CLANG_WARN_BOOL_CONVERSION = YES;
				CLANG_WARN_COMMA = YES;
				CLANG_WARN_CONSTANT_CONVERSION = YES;
				CLANG_WARN_DEPRECATED_OBJC_IMPLEMENTATIONS = YES;
				CLANG_WARN_DIRECT_OBJC_ISA_USAGE = YES_ERROR;
				CLANG_WARN_DOCUMENTATION_COMMENTS = YES;
				CLANG_WARN_EMPTY_BODY = YES;
				CLANG_WARN_ENUM_CONVERSION = YES;
				CLANG_WARN_INFINITE_RECURSION = YES;
				CLANG_WARN_INT_CONVERSION = YES;
				CLANG_WARN_NON_LITERAL_NULL_CONVERSION = YES;
				CLANG_WARN_OBJC_IMPLICIT_RETAIN_SELF = YES;
				CLANG_WARN_OBJC_LITERAL_CONVERSION = YES;
				CLANG_WARN_OBJC_ROOT_CLASS = YES_ERROR;
				CLANG_WARN_QUOTED_INCLUDE_IN_FRAMEWORK_HEADER = YES;
				CLANG_WARN_RANGE_LOOP_ANALYSIS = YES;
				CLANG_WARN_STRICT_PROTOTYPES = YES;
				CLANG_WARN_SUSPICIOUS_MOVE = YES;
				CLANG_WARN_UNGUARDED_AVAILABILITY = YES_AGGRESSIVE;
				CLANG_WARN_UNREACHABLE_CODE = YES;
				CLANG_WARN__DUPLICATE_METHOD_MATCH = YES;
				COPY_PHASE_STRIP = NO;
				DEBUG_INFORMATION_FORMAT = "dwarf-with-dsym";
				ENABLE_NS_ASSERTIONS = NO;
				ENABLE_STRICT_OBJC_MSGSEND = YES;
				GCC_C_LANGUAGE_STANDARD = gnu11;
				GCC_NO_COMMON_BLOCKS = YES;
				GCC_WARN_64_TO_32_BIT_CONVERSION = YES;
				GCC_WARN_ABOUT_RETURN_TYPE = YES_ERROR;
				GCC_WARN_UNDECLARED_SELECTOR = YES;
				GCC_WARN_UNINITIALIZED_AUTOS = YES_AGGRESSIVE;
				GCC_WARN_UNUSED_FUNCTION = YES;
				GCC_WARN_UNUSED_VARIABLE = YES;
				IPHONEOS_DEPLOYMENT_TARGET = 16.4;
				MTL_ENABLE_DEBUG_INFO = NO;
				MTL_FAST_MATH = YES;
				SDKROOT = iphoneos;
				SWIFT_COMPILATION_MODE = wholemodule;
				SWIFT_OPTIMIZATION_LEVEL = "-O";
				VALIDATE_PRODUCT = YES;
			};
			name = Release;
		};
		9FC65E3E2A5CD21A007D161A /* Debug */ = {
			isa = XCBuildConfiguration;
			buildSettings = {
				ASSETCATALOG_COMPILER_APPICON_NAME = AppIcon;
				ASSETCATALOG_COMPILER_GLOBAL_ACCENT_COLOR_NAME = AccentColor;
				CODE_SIGN_STYLE = Automatic;
				CURRENT_PROJECT_VERSION = 1;
				DEVELOPMENT_ASSET_PATHS = "\"yves/Preview Content\"";
				ENABLE_PREVIEWS = YES;
				GENERATE_INFOPLIST_FILE = YES;
				INFOPLIST_KEY_UIApplicationSceneManifest_Generation = YES;
				INFOPLIST_KEY_UIApplicationSupportsIndirectInputEvents = YES;
				INFOPLIST_KEY_UILaunchScreen_Generation = YES;
				INFOPLIST_KEY_UISupportedInterfaceOrientations_iPad = "UIInterfaceOrientationPortrait UIInterfaceOrientationPortraitUpsideDown UIInterfaceOrientationLandscapeLeft UIInterfaceOrientationLandscapeRight";
				INFOPLIST_KEY_UISupportedInterfaceOrientations_iPhone = "UIInterfaceOrientationPortrait UIInterfaceOrientationLandscapeLeft UIInterfaceOrientationLandscapeRight";
				LD_RUNPATH_SEARCH_PATHS = (
					"$(inherited)",
					"@executable_path/Frameworks",
				);
				MARKETING_VERSION = 1.0;
				PRODUCT_BUNDLE_IDENTIFIER = anthonyorg.yves;
				PRODUCT_NAME = "$(TARGET_NAME)";
				SWIFT_EMIT_LOC_STRINGS = YES;
				SWIFT_VERSION = 5.0;
				TARGETED_DEVICE_FAMILY = "1,2";
			};
			name = Debug;
		};
		9FC65E3F2A5CD21A007D161A /* Release */ = {
			isa = XCBuildConfiguration;
			buildSettings = {
				ASSETCATALOG_COMPILER_APPICON_NAME = AppIcon;
				ASSETCATALOG_COMPILER_GLOBAL_ACCENT_COLOR_NAME = AccentColor;
				CODE_SIGN_STYLE = Automatic;
				CURRENT_PROJECT_VERSION = 1;
				DEVELOPMENT_ASSET_PATHS = "\"yves/Preview Content\"";
				ENABLE_PREVIEWS = YES;
				GENERATE_INFOPLIST_FILE = YES;
				INFOPLIST_KEY_UIApplicationSceneManifest_Generation = YES;
				INFOPLIST_KEY_UIApplicationSupportsIndirectInputEvents = YES;
				INFOPLIST_KEY_UILaunchScreen_Generation = YES;
				INFOPLIST_KEY_UISupportedInterfaceOrientations_iPad = "UIInterfaceOrientationPortrait UIInterfaceOrientationPortraitUpsideDown UIInterfaceOrientationLandscapeLeft UIInterfaceOrientationLandscapeRight";
				INFOPLIST_KEY_UISupportedInterfaceOrientations_iPhone = "UIInterfaceOrientationPortrait UIInterfaceOrientationLandscapeLeft UIInterfaceOrientationLandscapeRight";
				LD_RUNPATH_SEARCH_PATHS = (
					"$(inherited)",
					"@executable_path/Frameworks",
				);
				MARKETING_VERSION = 1.0;
				PRODUCT_BUNDLE_IDENTIFIER = anthonyorg.yves;
				PRODUCT_NAME = "$(TARGET_NAME)";
				SWIFT_EMIT_LOC_STRINGS = YES;
				SWIFT_VERSION = 5.0;
				TARGETED_DEVICE_FAMILY = "1,2";
			};
			name = Release;
		};
		9FC65E412A5CD21A007D161A /* Debug */ = {
			isa = XCBuildConfiguration;
			buildSettings = {
				ALWAYS_EMBED_SWIFT_STANDARD_LIBRARIES = YES;
				BUNDLE_LOADER = "$(TEST_HOST)";
				CODE_SIGN_STYLE = Automatic;
				CURRENT_PROJECT_VERSION = 1;
				GENERATE_INFOPLIST_FILE = YES;
				IPHONEOS_DEPLOYMENT_TARGET = 16.4;
				MARKETING_VERSION = 1.0;
				PRODUCT_BUNDLE_IDENTIFIER = anthonyorg.yvesTests;
				PRODUCT_NAME = "$(TARGET_NAME)";
				SWIFT_EMIT_LOC_STRINGS = NO;
				SWIFT_VERSION = 5.0;
				TARGETED_DEVICE_FAMILY = "1,2";
				TEST_HOST = "$(BUILT_PRODUCTS_DIR)/yves.app/$(BUNDLE_EXECUTABLE_FOLDER_PATH)/yves";
			};
			name = Debug;
		};
		9FC65E422A5CD21A007D161A /* Release */ = {
			isa = XCBuildConfiguration;
			buildSettings = {
				ALWAYS_EMBED_SWIFT_STANDARD_LIBRARIES = YES;
				BUNDLE_LOADER = "$(TEST_HOST)";
				CODE_SIGN_STYLE = Automatic;
				CURRENT_PROJECT_VERSION = 1;
				GENERATE_INFOPLIST_FILE = YES;
				IPHONEOS_DEPLOYMENT_TARGET = 16.4;
				MARKETING_VERSION = 1.0;
				PRODUCT_BUNDLE_IDENTIFIER = anthonyorg.yvesTests;
				PRODUCT_NAME = "$(TARGET_NAME)";
				SWIFT_EMIT_LOC_STRINGS = NO;
				SWIFT_VERSION = 5.0;
				TARGETED_DEVICE_FAMILY = "1,2";
				TEST_HOST = "$(BUILT_PRODUCTS_DIR)/yves.app/$(BUNDLE_EXECUTABLE_FOLDER_PATH)/yves";
			};
			name = Release;
		};
		9FC65E442A5CD21A007D161A /* Debug */ = {
			isa = XCBuildConfiguration;
			buildSettings = {
				ALWAYS_EMBED_SWIFT_STANDARD_LIBRARIES = YES;
				CODE_SIGN_STYLE = Automatic;
				CURRENT_PROJECT_VERSION = 1;
				GENERATE_INFOPLIST_FILE = YES;
				MARKETING_VERSION = 1.0;
				PRODUCT_BUNDLE_IDENTIFIER = anthonyorg.yvesUITests;
				PRODUCT_NAME = "$(TARGET_NAME)";
				SWIFT_EMIT_LOC_STRINGS = NO;
				SWIFT_VERSION = 5.0;
				TARGETED_DEVICE_FAMILY = "1,2";
				TEST_TARGET_NAME = yves;
			};
			name = Debug;
		};
		9FC65E452A5CD21A007D161A /* Release */ = {
			isa = XCBuildConfiguration;
			buildSettings = {
				ALWAYS_EMBED_SWIFT_STANDARD_LIBRARIES = YES;
				CODE_SIGN_STYLE = Automatic;
				CURRENT_PROJECT_VERSION = 1;
				GENERATE_INFOPLIST_FILE = YES;
				MARKETING_VERSION = 1.0;
				PRODUCT_BUNDLE_IDENTIFIER = anthonyorg.yvesUITests;
				PRODUCT_NAME = "$(TARGET_NAME)";
				SWIFT_EMIT_LOC_STRINGS = NO;
				SWIFT_VERSION = 5.0;
				TARGETED_DEVICE_FAMILY = "1,2";
				TEST_TARGET_NAME = yves;
			};
			name = Release;
		};
/* End XCBuildConfiguration section */

/* Begin XCConfigurationList section */
		9FC65E142A5CD219007D161A /* Build configuration list for PBXProject "yves" */ = {
			isa = XCConfigurationList;
			buildConfigurations = (
				9FC65E3B2A5CD21A007D161A /* Debug */,
				9FC65E3C2A5CD21A007D161A /* Release */,
			);
			defaultConfigurationIsVisible = 0;
			defaultConfigurationName = Release;
		};
		9FC65E3D2A5CD21A007D161A /* Build configuration list for PBXNativeTarget "yves" */ = {
			isa = XCConfigurationList;
			buildConfigurations = (
				9FC65E3E2A5CD21A007D161A /* Debug */,
				9FC65E3F2A5CD21A007D161A /* Release */,
			);
			defaultConfigurationIsVisible = 0;
			defaultConfigurationName = Release;
		};
		9FC65E402A5CD21A007D161A /* Build configuration list for PBXNativeTarget "yvesTests" */ = {
			isa = XCConfigurationList;
			buildConfigurations = (
				9FC65E412A5CD21A007D161A /* Debug */,
				9FC65E422A5CD21A007D161A /* Release */,
			);
			defaultConfigurationIsVisible = 0;
			defaultConfigurationName = Release;
		};
		9FC65E432A5CD21A007D161A /* Build configuration list for PBXNativeTarget "yvesUITests" */ = {
			isa = XCConfigurationList;
			buildConfigurations = (
				9FC65E442A5CD21A007D161A /* Debug */,
				9FC65E452A5CD21A007D161A /* Release */,
			);
			defaultConfigurationIsVisible = 0;
			defaultConfigurationName = Release;
		};
/* End XCConfigurationList section */
	};
	rootObject = 9FC65E112A5CD219007D161A /* Project object */;
}
